// !$*UTF8*$!
{
	archiveVersion = 1;
	classes = {
	};
	objectVersion = 56;
	objects = {

/* Begin PBXBuildFile section */
		8E6EB6AF2BADB4330018F959 /* StopWatch.swift in Sources */ = {isa = PBXBuildFile; fileRef = 8E6EB6AE2BADB4330018F959 /* StopWatch.swift */; };
		8E93ACBA2BCBC7EE00641858 /* TakePhotoPrev.swift in Sources */ = {isa = PBXBuildFile; fileRef = 8E93ACB92BCBC7EE00641858 /* TakePhotoPrev.swift */; };
		8E9814AB2BCBCBAD008A5F99 /* Assets.xcassets in Resources */ = {isa = PBXBuildFile; fileRef = 8E8E1FD52BCBC740005E958A /* Assets.xcassets */; };
		8E9814AD2BCBCBAD008A5F99 /* Preview Assets.xcassets in Resources */ = {isa = PBXBuildFile; fileRef = 8ED793362BCB95CE00639D75 /* Preview Assets.xcassets */; };
		8E9817BF2BCBCBAE008A5F99 /* BabbleParticle.sks in Resources */ = {isa = PBXBuildFile; fileRef = 8ED3C10A2BA5923500C946CC /* BabbleParticle.sks */; };
		8EB483B22BA8256A00CC1587 /* BaseCamView.swift in Sources */ = {isa = PBXBuildFile; fileRef = 8EB483B12BA8256A00CC1587 /* BaseCamView.swift */; };
		8EBAFA702BB155140071247E /* PhotoView.swift in Sources */ = {isa = PBXBuildFile; fileRef = 8EBAFA6F2BB155140071247E /* PhotoView.swift */; };
		8EBAFA722BB155360071247E /* EditView.swift in Sources */ = {isa = PBXBuildFile; fileRef = 8EBAFA712BB155360071247E /* EditView.swift */; };
		8ECA6AEF2BA95DF50028E2F5 /* BeginView.swift in Sources */ = {isa = PBXBuildFile; fileRef = 8ECA6AEE2BA95DF50028E2F5 /* BeginView.swift */; };
		8ED3C1142BA5929100C946CC /* MainView.swift in Sources */ = {isa = PBXBuildFile; fileRef = 8ED3C1132BA5923500C946CC /* MainView.swift */; };
		8ED3C1152BA5929900C946CC /* luminousApp.swift in Sources */ = {isa = PBXBuildFile; fileRef = 8ED3C1122BA5923500C946CC /* luminousApp.swift */; };
		8ED3C1162BA5929B00C946CC /* GenericParts.swift in Sources */ = {isa = PBXBuildFile; fileRef = 8ED3C10F2BA5923500C946CC /* GenericParts.swift */; };
		8ED3C1182BA592A000C946CC /* ShareData.swift in Sources */ = {isa = PBXBuildFile; fileRef = 8ED3C10B2BA5923500C946CC /* ShareData.swift */; };
		8ED3C11A2BA592A700C946CC /* AnimationController.swift in Sources */ = {isa = PBXBuildFile; fileRef = 8ED3C1092BA5923500C946CC /* AnimationController.swift */; };
		8EF778902BA6C0D90089D926 /* SetupView.swift in Sources */ = {isa = PBXBuildFile; fileRef = 8EF7788F2BA6C0D90089D926 /* SetupView.swift */; };
/* End PBXBuildFile section */

/* Begin PBXFileReference section */
		8E6EB6AE2BADB4330018F959 /* StopWatch.swift */ = {isa = PBXFileReference; lastKnownFileType = sourcecode.swift; path = StopWatch.swift; sourceTree = "<group>"; };
		8E8E1FD52BCBC740005E958A /* Assets.xcassets */ = {isa = PBXFileReference; lastKnownFileType = folder.assetcatalog; path = Assets.xcassets; sourceTree = "<group>"; };
		8E93ACB92BCBC7EE00641858 /* TakePhotoPrev.swift */ = {isa = PBXFileReference; fileEncoding = 4; lastKnownFileType = sourcecode.swift; path = TakePhotoPrev.swift; sourceTree = "<group>"; };
		8EB483B12BA8256A00CC1587 /* BaseCamView.swift */ = {isa = PBXFileReference; lastKnownFileType = sourcecode.swift; path = BaseCamView.swift; sourceTree = "<group>"; };
		8EBAFA6F2BB155140071247E /* PhotoView.swift */ = {isa = PBXFileReference; lastKnownFileType = sourcecode.swift; path = PhotoView.swift; sourceTree = "<group>"; };
		8EBAFA712BB155360071247E /* EditView.swift */ = {isa = PBXFileReference; lastKnownFileType = sourcecode.swift; path = EditView.swift; sourceTree = "<group>"; };
		8ECA6AEE2BA95DF50028E2F5 /* BeginView.swift */ = {isa = PBXFileReference; lastKnownFileType = sourcecode.swift; path = BeginView.swift; sourceTree = "<group>"; };
		8ECBFDA42BD0CD8700D3FD24 /* luminous.app */ = {isa = PBXFileReference; explicitFileType = wrapper.application; includeInIndex = 0; path = luminous.app; sourceTree = BUILT_PRODUCTS_DIR; };
		8ED3C1092BA5923500C946CC /* AnimationController.swift */ = {isa = PBXFileReference; lastKnownFileType = sourcecode.swift; path = AnimationController.swift; sourceTree = "<group>"; };
		8ED3C10A2BA5923500C946CC /* BabbleParticle.sks */ = {isa = PBXFileReference; lastKnownFileType = file.sks; path = BabbleParticle.sks; sourceTree = "<group>"; };
		8ED3C10B2BA5923500C946CC /* ShareData.swift */ = {isa = PBXFileReference; lastKnownFileType = sourcecode.swift; path = ShareData.swift; sourceTree = "<group>"; };
		8ED3C10F2BA5923500C946CC /* GenericParts.swift */ = {isa = PBXFileReference; lastKnownFileType = sourcecode.swift; path = GenericParts.swift; sourceTree = "<group>"; };
		8ED3C1112BA5923500C946CC /* babble.png */ = {isa = PBXFileReference; lastKnownFileType = image.png; path = babble.png; sourceTree = "<group>"; };
		8ED3C1122BA5923500C946CC /* luminousApp.swift */ = {isa = PBXFileReference; lastKnownFileType = sourcecode.swift; path = luminousApp.swift; sourceTree = "<group>"; };
		8ED3C1132BA5923500C946CC /* MainView.swift */ = {isa = PBXFileReference; lastKnownFileType = sourcecode.swift; path = MainView.swift; sourceTree = "<group>"; };
		8ED793362BCB95CE00639D75 /* Preview Assets.xcassets */ = {isa = PBXFileReference; lastKnownFileType = folder.assetcatalog; path = "Preview Assets.xcassets"; sourceTree = "<group>"; };
		8EF7788F2BA6C0D90089D926 /* SetupView.swift */ = {isa = PBXFileReference; lastKnownFileType = sourcecode.swift; path = SetupView.swift; sourceTree = "<group>"; };
/* End PBXFileReference section */

/* Begin PBXFrameworksBuildPhase section */
		8EE3DF212BA3DFBB00E79B6E /* Frameworks */ = {
			isa = PBXFrameworksBuildPhase;
			buildActionMask = 2147483647;
			files = (
			);
			runOnlyForDeploymentPostprocessing = 0;
		};
/* End PBXFrameworksBuildPhase section */

/* Begin PBXGroup section */
		8ED3C1082BA5923500C946CC /* luminous */ = {
			isa = PBXGroup;
			children = (
				8E8E1FD52BCBC740005E958A /* Assets.xcassets */,
				8ED3C1102BA5923500C946CC /* img */,
				8ED793352BCB95CE00639D75 /* Preview Content */,
				8ED3C1092BA5923500C946CC /* AnimationController.swift */,
				8E6EB6AE2BADB4330018F959 /* StopWatch.swift */,
				8ED3C10A2BA5923500C946CC /* BabbleParticle.sks */,
				8ED3C10B2BA5923500C946CC /* ShareData.swift */,
				8ED3C10F2BA5923500C946CC /* GenericParts.swift */,
				8ED3C1122BA5923500C946CC /* luminousApp.swift */,
				8ED3C1132BA5923500C946CC /* MainView.swift */,
				8EBAFA712BB155360071247E /* EditView.swift */,
				8EBAFA6F2BB155140071247E /* PhotoView.swift */,
				8ECA6AEE2BA95DF50028E2F5 /* BeginView.swift */,
				8EB483B12BA8256A00CC1587 /* BaseCamView.swift */,
				8EF7788F2BA6C0D90089D926 /* SetupView.swift */,
				8E93ACB92BCBC7EE00641858 /* TakePhotoPrev.swift */,
			);
			path = luminous;
			sourceTree = "<group>";
		};
		8ED3C1102BA5923500C946CC /* img */ = {
			isa = PBXGroup;
			children = (
				8ED3C1112BA5923500C946CC /* babble.png */,
			);
			path = img;
			sourceTree = "<group>";
		};
		8ED793352BCB95CE00639D75 /* Preview Content */ = {
			isa = PBXGroup;
			children = (
				8ED793362BCB95CE00639D75 /* Preview Assets.xcassets */,
			);
			path = "Preview Content";
			sourceTree = "<group>";
		};
		8EE3DF1B2BA3DFBB00E79B6E = {
			isa = PBXGroup;
			children = (
				8ED3C1082BA5923500C946CC /* luminous */,
				8ECBFDA42BD0CD8700D3FD24 /* luminous.app */,
			);
			sourceTree = "<group>";
		};
/* End PBXGroup section */

/* Begin PBXNativeTarget section */
		8EE3DF232BA3DFBB00E79B6E /* luminous */ = {
			isa = PBXNativeTarget;
			buildConfigurationList = 8EE3DF322BA3DFBC00E79B6E /* Build configuration list for PBXNativeTarget "luminous" */;
			buildPhases = (
				8EE3DF202BA3DFBB00E79B6E /* Sources */,
				8EE3DF212BA3DFBB00E79B6E /* Frameworks */,
				8E9814A92BCBCB3F008A5F99 /* Resources */,
			);
			buildRules = (
			);
			dependencies = (
			);
			name = luminous;
			packageProductDependencies = (
			);
			productName = luminous;
			productReference = 8ECBFDA42BD0CD8700D3FD24 /* luminous.app */;
			productType = "com.apple.product-type.application";
		};
/* End PBXNativeTarget section */

/* Begin PBXProject section */
		8EE3DF1C2BA3DFBB00E79B6E /* Project object */ = {
			isa = PBXProject;
			attributes = {
				BuildIndependentTargetsInParallel = 1;
				LastSwiftUpdateCheck = 1520;
				LastUpgradeCheck = 1520;
				TargetAttributes = {
					8EE3DF232BA3DFBB00E79B6E = {
						CreatedOnToolsVersion = 15.2;
					};
				};
			};
			buildConfigurationList = 8EE3DF1F2BA3DFBB00E79B6E /* Build configuration list for PBXProject "luminous" */;
			compatibilityVersion = "Xcode 14.0";
			developmentRegion = en;
			hasScannedForEncodings = 0;
			knownRegions = (
				en,
				Base,
			);
			mainGroup = 8EE3DF1B2BA3DFBB00E79B6E;
			packageReferences = (
			);
			productRefGroup = 8EE3DF1B2BA3DFBB00E79B6E;
			projectDirPath = "";
			projectRoot = "";
			targets = (
				8EE3DF232BA3DFBB00E79B6E /* luminous */,
			);
		};
/* End PBXProject section */

/* Begin PBXResourcesBuildPhase section */
		8E9814A92BCBCB3F008A5F99 /* Resources */ = {
			isa = PBXResourcesBuildPhase;
			buildActionMask = 2147483647;
			files = (
				8E9814AB2BCBCBAD008A5F99 /* Assets.xcassets in Resources */,
				8E9814AD2BCBCBAD008A5F99 /* Preview Assets.xcassets in Resources */,
				8E9817BF2BCBCBAE008A5F99 /* BabbleParticle.sks in Resources */,
			);
			runOnlyForDeploymentPostprocessing = 0;
		};
/* End PBXResourcesBuildPhase section */

/* Begin PBXSourcesBuildPhase section */
		8EE3DF202BA3DFBB00E79B6E /* Sources */ = {
			isa = PBXSourcesBuildPhase;
			buildActionMask = 2147483647;
			files = (
				8ED3C1142BA5929100C946CC /* MainView.swift in Sources */,
				8EB483B22BA8256A00CC1587 /* BaseCamView.swift in Sources */,
				8EBAFA722BB155360071247E /* EditView.swift in Sources */,
				8ED3C1152BA5929900C946CC /* luminousApp.swift in Sources */,
				8EBAFA702BB155140071247E /* PhotoView.swift in Sources */,
				8ED3C1162BA5929B00C946CC /* GenericParts.swift in Sources */,
				8E93ACBA2BCBC7EE00641858 /* TakePhotoPrev.swift in Sources */,
				8ECA6AEF2BA95DF50028E2F5 /* BeginView.swift in Sources */,
				8ED3C1182BA592A000C946CC /* ShareData.swift in Sources */,
				8E6EB6AF2BADB4330018F959 /* StopWatch.swift in Sources */,
				8EF778902BA6C0D90089D926 /* SetupView.swift in Sources */,
				8ED3C11A2BA592A700C946CC /* AnimationController.swift in Sources */,
			);
			runOnlyForDeploymentPostprocessing = 0;
		};
/* End PBXSourcesBuildPhase section */

/* Begin XCBuildConfiguration section */
		8EE3DF302BA3DFBC00E79B6E /* Debug */ = {
			isa = XCBuildConfiguration;
			buildSettings = {
				ALWAYS_SEARCH_USER_PATHS = NO;
				ASSETCATALOG_COMPILER_APPICON_NAME = "";
				ASSETCATALOG_COMPILER_GENERATE_SWIFT_ASSET_SYMBOL_EXTENSIONS = YES;
				CLANG_ANALYZER_NONNULL = YES;
				CLANG_ANALYZER_NUMBER_OBJECT_CONVERSION = YES_AGGRESSIVE;
				CLANG_CXX_LANGUAGE_STANDARD = "gnu++20";
				CLANG_ENABLE_MODULES = YES;
				CLANG_ENABLE_OBJC_ARC = YES;
				CLANG_ENABLE_OBJC_WEAK = YES;
				CLANG_WARN_BLOCK_CAPTURE_AUTORELEASING = YES;
				CLANG_WARN_BOOL_CONVERSION = YES;
				CLANG_WARN_COMMA = YES;
				CLANG_WARN_CONSTANT_CONVERSION = YES;
				CLANG_WARN_DEPRECATED_OBJC_IMPLEMENTATIONS = YES;
				CLANG_WARN_DIRECT_OBJC_ISA_USAGE = YES_ERROR;
				CLANG_WARN_DOCUMENTATION_COMMENTS = YES;
				CLANG_WARN_EMPTY_BODY = YES;
				CLANG_WARN_ENUM_CONVERSION = YES;
				CLANG_WARN_INFINITE_RECURSION = YES;
				CLANG_WARN_INT_CONVERSION = YES;
				CLANG_WARN_NON_LITERAL_NULL_CONVERSION = YES;
				CLANG_WARN_OBJC_IMPLICIT_RETAIN_SELF = YES;
				CLANG_WARN_OBJC_LITERAL_CONVERSION = YES;
				CLANG_WARN_OBJC_ROOT_CLASS = YES_ERROR;
				CLANG_WARN_QUOTED_INCLUDE_IN_FRAMEWORK_HEADER = YES;
				CLANG_WARN_RANGE_LOOP_ANALYSIS = YES;
				CLANG_WARN_STRICT_PROTOTYPES = YES;
				CLANG_WARN_SUSPICIOUS_MOVE = YES;
				CLANG_WARN_UNGUARDED_AVAILABILITY = YES_AGGRESSIVE;
				CLANG_WARN_UNREACHABLE_CODE = YES;
				CLANG_WARN__DUPLICATE_METHOD_MATCH = YES;
				COPY_PHASE_STRIP = NO;
				DEBUG_INFORMATION_FORMAT = dwarf;
				ENABLE_STRICT_OBJC_MSGSEND = YES;
				ENABLE_TESTABILITY = YES;
				ENABLE_USER_SCRIPT_SANDBOXING = YES;
				GCC_C_LANGUAGE_STANDARD = gnu17;
				GCC_DYNAMIC_NO_PIC = NO;
				GCC_NO_COMMON_BLOCKS = YES;
				GCC_OPTIMIZATION_LEVEL = 1;
				GCC_PREPROCESSOR_DEFINITIONS = (
					"DEBUG=1",
					"$(inherited)",
				);
				GCC_WARN_64_TO_32_BIT_CONVERSION = YES;
				GCC_WARN_ABOUT_RETURN_TYPE = YES_ERROR;
				GCC_WARN_UNDECLARED_SELECTOR = YES;
				GCC_WARN_UNINITIALIZED_AUTOS = YES_AGGRESSIVE;
				GCC_WARN_UNUSED_FUNCTION = YES;
				GCC_WARN_UNUSED_VARIABLE = YES;
				INFOPLIST_KEY_NSCameraUsageDescription = "カメラを使用します";
				IPHONEOS_DEPLOYMENT_TARGET = 17.2;
				LOCALIZATION_PREFERS_STRING_CATALOGS = YES;
				MTL_ENABLE_DEBUG_INFO = INCLUDE_SOURCE;
				MTL_FAST_MATH = YES;
				ONLY_ACTIVE_ARCH = YES;
				SDKROOT = iphoneos;
				SWIFT_ACTIVE_COMPILATION_CONDITIONS = "DEBUG $(inherited)";
				SWIFT_OBJC_BRIDGING_HEADER = PythonBridge/TempBridge.h;
				SWIFT_OPTIMIZATION_LEVEL = "-Onone";
			};
			name = Debug;
		};
		8EE3DF312BA3DFBC00E79B6E /* Release */ = {
			isa = XCBuildConfiguration;
			buildSettings = {
				ALWAYS_SEARCH_USER_PATHS = NO;
				ASSETCATALOG_COMPILER_APPICON_NAME = "";
				ASSETCATALOG_COMPILER_GENERATE_SWIFT_ASSET_SYMBOL_EXTENSIONS = YES;
				CLANG_ANALYZER_NONNULL = YES;
				CLANG_ANALYZER_NUMBER_OBJECT_CONVERSION = YES_AGGRESSIVE;
				CLANG_CXX_LANGUAGE_STANDARD = "gnu++20";
				CLANG_ENABLE_MODULES = YES;
				CLANG_ENABLE_OBJC_ARC = YES;
				CLANG_ENABLE_OBJC_WEAK = YES;
				CLANG_WARN_BLOCK_CAPTURE_AUTORELEASING = YES;
				CLANG_WARN_BOOL_CONVERSION = YES;
				CLANG_WARN_COMMA = YES;
				CLANG_WARN_CONSTANT_CONVERSION = YES;
				CLANG_WARN_DEPRECATED_OBJC_IMPLEMENTATIONS = YES;
				CLANG_WARN_DIRECT_OBJC_ISA_USAGE = YES_ERROR;
				CLANG_WARN_DOCUMENTATION_COMMENTS = YES;
				CLANG_WARN_EMPTY_BODY = YES;
				CLANG_WARN_ENUM_CONVERSION = YES;
				CLANG_WARN_INFINITE_RECURSION = YES;
				CLANG_WARN_INT_CONVERSION = YES;
				CLANG_WARN_NON_LITERAL_NULL_CONVERSION = YES;
				CLANG_WARN_OBJC_IMPLICIT_RETAIN_SELF = YES;
				CLANG_WARN_OBJC_LITERAL_CONVERSION = YES;
				CLANG_WARN_OBJC_ROOT_CLASS = YES_ERROR;
				CLANG_WARN_QUOTED_INCLUDE_IN_FRAMEWORK_HEADER = YES;
				CLANG_WARN_RANGE_LOOP_ANALYSIS = YES;
				CLANG_WARN_STRICT_PROTOTYPES = YES;
				CLANG_WARN_SUSPICIOUS_MOVE = YES;
				CLANG_WARN_UNGUARDED_AVAILABILITY = YES_AGGRESSIVE;
				CLANG_WARN_UNREACHABLE_CODE = YES;
				CLANG_WARN__DUPLICATE_METHOD_MATCH = YES;
				COPY_PHASE_STRIP = NO;
				DEBUG_INFORMATION_FORMAT = "dwarf-with-dsym";
				ENABLE_NS_ASSERTIONS = NO;
				ENABLE_STRICT_OBJC_MSGSEND = YES;
				ENABLE_USER_SCRIPT_SANDBOXING = YES;
				GCC_C_LANGUAGE_STANDARD = gnu17;
				GCC_NO_COMMON_BLOCKS = YES;
				GCC_OPTIMIZATION_LEVEL = 1;
				GCC_WARN_64_TO_32_BIT_CONVERSION = YES;
				GCC_WARN_ABOUT_RETURN_TYPE = YES_ERROR;
				GCC_WARN_UNDECLARED_SELECTOR = YES;
				GCC_WARN_UNINITIALIZED_AUTOS = YES_AGGRESSIVE;
				GCC_WARN_UNUSED_FUNCTION = YES;
				GCC_WARN_UNUSED_VARIABLE = YES;
				INFOPLIST_KEY_NSCameraUsageDescription = "カメラを使用します";
				IPHONEOS_DEPLOYMENT_TARGET = 17.2;
				LOCALIZATION_PREFERS_STRING_CATALOGS = YES;
				MTL_ENABLE_DEBUG_INFO = NO;
				MTL_FAST_MATH = YES;
				SDKROOT = iphoneos;
				SWIFT_COMPILATION_MODE = wholemodule;
				SWIFT_OBJC_BRIDGING_HEADER = PythonBridge/TempBridge.h;
				VALIDATE_PRODUCT = YES;
			};
			name = Release;
		};
		8EE3DF332BA3DFBC00E79B6E /* Debug */ = {
			isa = XCBuildConfiguration;
			buildSettings = {
				ASSETCATALOG_COMPILER_APPICON_NAME = AppIcon;
				ASSETCATALOG_COMPILER_GLOBAL_ACCENT_COLOR_NAME = AccentColor;
				CLANG_ANALYZER_NONNULL = YES;
				CLANG_ANALYZER_NUMBER_OBJECT_CONVERSION = YES_AGGRESSIVE;
				CODE_SIGN_IDENTITY = "Apple Development";
				"CODE_SIGN_IDENTITY[sdk=iphoneos*]" = "iPhone Developer";
				CODE_SIGN_STYLE = Automatic;
				CURRENT_PROJECT_VERSION = 1;
				DEFINES_MODULE = NO;
				DEVELOPMENT_ASSET_PATHS = "\"luminous/Preview Content\"";
				DEVELOPMENT_TEAM = 34UQQC4LB5;
				ENABLE_PREVIEWS = YES;
				FRAMEWORK_SEARCH_PATHS = "";
				GCC_C_LANGUAGE_STANDARD = "compiler-default";
				GCC_OPTIMIZATION_LEVEL = 0;
				GCC_PRECOMPILE_PREFIX_HEADER = NO;
				GCC_SYMBOLS_PRIVATE_EXTERN = NO;
				GENERATE_INFOPLIST_FILE = YES;
				INFOPLIST_FILE = luminous/Info.plist;
				INFOPLIST_KEY_LSSupportsOpeningDocumentsInPlace = YES;
				INFOPLIST_KEY_NSCameraUsageDescription = "カメラを使用します";
				INFOPLIST_KEY_UIApplicationSceneManifest_Generation = YES;
				INFOPLIST_KEY_UIApplicationSupportsIndirectInputEvents = YES;
				INFOPLIST_KEY_UILaunchScreen_Generation = YES;
				INFOPLIST_KEY_UISupportedInterfaceOrientations_iPad = "UIInterfaceOrientationPortrait UIInterfaceOrientationPortraitUpsideDown UIInterfaceOrientationLandscapeLeft UIInterfaceOrientationLandscapeRight";
				INFOPLIST_KEY_UISupportedInterfaceOrientations_iPhone = "UIInterfaceOrientationPortrait UIInterfaceOrientationLandscapeLeft UIInterfaceOrientationLandscapeRight";
				LD_RUNPATH_SEARCH_PATHS = (
					"$(inherited)",
					"@executable_path/Frameworks",
				);
				LIBRARY_SEARCH_PATHS = "";
				MARKETING_VERSION = 1.0;
				NEW_SETTING = "";
				OTHER_LDFLAGS = "";
				PRODUCT_BUNDLE_IDENTIFIER = com.kureha8827.luminous;
				PRODUCT_NAME = "$(TARGET_NAME)";
				PROVISIONING_PROFILE_SPECIFIER = "";
				SWIFT_EMIT_LOC_STRINGS = YES;
				SWIFT_OBJC_BRIDGING_HEADER = "";
				SWIFT_VERSION = 5.0;
				SYSTEM_FRAMEWORK_SEARCH_PATHS = "";
				TARGETED_DEVICE_FAMILY = "1,2";
			};
			name = Debug;
		};
		8EE3DF342BA3DFBC00E79B6E /* Release */ = {
			isa = XCBuildConfiguration;
			buildSettings = {
				ASSETCATALOG_COMPILER_APPICON_NAME = AppIcon;
				ASSETCATALOG_COMPILER_GLOBAL_ACCENT_COLOR_NAME = AccentColor;
				CLANG_ANALYZER_NONNULL = YES;
				CLANG_ANALYZER_NUMBER_OBJECT_CONVERSION = YES_AGGRESSIVE;
				CODE_SIGN_IDENTITY = "Apple Development";
				"CODE_SIGN_IDENTITY[sdk=iphoneos*]" = "iPhone Developer";
				CODE_SIGN_STYLE = Automatic;
				CURRENT_PROJECT_VERSION = 1;
				DEFINES_MODULE = NO;
				DEVELOPMENT_ASSET_PATHS = "\"luminous/Preview Content\"";
				DEVELOPMENT_TEAM = 34UQQC4LB5;
				ENABLE_PREVIEWS = YES;
				FRAMEWORK_SEARCH_PATHS = "";
				GCC_C_LANGUAGE_STANDARD = "compiler-default";
				GCC_OPTIMIZATION_LEVEL = s;
				GCC_PRECOMPILE_PREFIX_HEADER = NO;
				GENERATE_INFOPLIST_FILE = YES;
				INFOPLIST_FILE = luminous/Info.plist;
				INFOPLIST_KEY_LSSupportsOpeningDocumentsInPlace = YES;
				INFOPLIST_KEY_NSCameraUsageDescription = "カメラを使用します";
				INFOPLIST_KEY_UIApplicationSceneManifest_Generation = YES;
				INFOPLIST_KEY_UIApplicationSupportsIndirectInputEvents = YES;
				INFOPLIST_KEY_UILaunchScreen_Generation = YES;
				INFOPLIST_KEY_UISupportedInterfaceOrientations_iPad = "UIInterfaceOrientationPortrait UIInterfaceOrientationPortraitUpsideDown UIInterfaceOrientationLandscapeLeft UIInterfaceOrientationLandscapeRight";
				INFOPLIST_KEY_UISupportedInterfaceOrientations_iPhone = "UIInterfaceOrientationPortrait UIInterfaceOrientationLandscapeLeft UIInterfaceOrientationLandscapeRight";
				LD_RUNPATH_SEARCH_PATHS = (
					"$(inherited)",
					"@executable_path/Frameworks",
				);
				LIBRARY_SEARCH_PATHS = "";
				MARKETING_VERSION = 1.0;
				NEW_SETTING = "";
				OTHER_LDFLAGS = "";
				PRODUCT_BUNDLE_IDENTIFIER = com.kureha8827.luminous;
				PRODUCT_NAME = "$(TARGET_NAME)";
				PROVISIONING_PROFILE_SPECIFIER = "";
				SWIFT_EMIT_LOC_STRINGS = YES;
				SWIFT_OBJC_BRIDGING_HEADER = "";
				SWIFT_VERSION = 5.0;
				SYSTEM_FRAMEWORK_SEARCH_PATHS = "";
				TARGETED_DEVICE_FAMILY = "1,2";
				h = l;
			};
			name = Release;
		};
/* End XCBuildConfiguration section */

/* Begin XCConfigurationList section */
		8EE3DF1F2BA3DFBB00E79B6E /* Build configuration list for PBXProject "luminous" */ = {
			isa = XCConfigurationList;
			buildConfigurations = (
				8EE3DF302BA3DFBC00E79B6E /* Debug */,
				8EE3DF312BA3DFBC00E79B6E /* Release */,
			);
			defaultConfigurationIsVisible = 0;
			defaultConfigurationName = Release;
		};
		8EE3DF322BA3DFBC00E79B6E /* Build configuration list for PBXNativeTarget "luminous" */ = {
			isa = XCConfigurationList;
			buildConfigurations = (
				8EE3DF332BA3DFBC00E79B6E /* Debug */,
				8EE3DF342BA3DFBC00E79B6E /* Release */,
			);
			defaultConfigurationIsVisible = 0;
			defaultConfigurationName = Release;
		};
/* End XCConfigurationList section */
	};
	rootObject = 8EE3DF1C2BA3DFBB00E79B6E /* Project object */;
}
